
Microsoft Visual Studio Solution File, Format Version 12.00
# Visual Studio Version 17
VisualStudioVersion = 17.4.33213.308
MinimumVisualStudioVersion = 10.0.40219.1
Project("{9A19103F-16F7-4668-BE54-9A1E7A4F7556}") = "VillaApi", "VillaApi\VillaApi.csproj", "{BA053ADF-774A-47CA-9260-945A25F78620}"
EndProject
Global
	GlobalSection(SolutionConfigurationPlatforms) = preSolution
		Debug|Any CPU = Debug|Any CPU
		Release|Any CPU = Release|Any CPU
	EndGlobalSection
	GlobalSection(ProjectConfigurationPlatforms) = postSolution
		{BA053ADF-774A-47CA-9260-945A25F78620}.Debug|Any CPU.ActiveCfg = Debug|Any CPU
		{BA053ADF-774A-47CA-9260-945A25F78620}.Debug|Any CPU.Build.0 = Debug|Any CPU
		{BA053ADF-774A-47CA-9260-945A25F78620}.Release|Any CPU.ActiveCfg = Release|Any CPU
		{BA053ADF-774A-47CA-9260-945A25F78620}.Release|Any CPU.Build.0 = Release|Any CPU
	EndGlobalSection
	GlobalSection(SolutionProperties) = preSolution
		HideSolutionNode = FALSE
	EndGlobalSection
	GlobalSection(ExtensibilityGlobals) = postSolution
		SolutionGuid = {B422A2EA-0811-4E6F-A120-7087C3AC750E}
	EndGlobalSection
EndGlobal
